
Microsoft Visual Studio Solution File, Format Version 12.00
# Visual Studio Version 16
VisualStudioVersion = 16.0.31729.503
MinimumVisualStudioVersion = 10.0.40219.1
Project("{FAE04EC0-301F-11D3-BF4B-00C04F79EFBC}") = "TestBlog", "TestBlog.csproj", "{2A0A6799-E101-4E0B-A2E9-8A8B2F9E30DB}"
EndProject
Global
	GlobalSection(SolutionConfigurationPlatforms) = preSolution
		Debug|Any CPU = Debug|Any CPU
		Release|Any CPU = Release|Any CPU
	EndGlobalSection
	GlobalSection(ProjectConfigurationPlatforms) = postSolution
		{2A0A6799-E101-4E0B-A2E9-8A8B2F9E30DB}.Debug|Any CPU.ActiveCfg = Debug|Any CPU
		{2A0A6799-E101-4E0B-A2E9-8A8B2F9E30DB}.Debug|Any CPU.Build.0 = Debug|Any CPU
		{2A0A6799-E101-4E0B-A2E9-8A8B2F9E30DB}.Release|Any CPU.ActiveCfg = Release|Any CPU
		{2A0A6799-E101-4E0B-A2E9-8A8B2F9E30DB}.Release|Any CPU.Build.0 = Release|Any CPU
	EndGlobalSection
	GlobalSection(SolutionProperties) = preSolution
		HideSolutionNode = FALSE
	EndGlobalSection
	GlobalSection(ExtensibilityGlobals) = postSolution
		SolutionGuid = {68CE63B6-F63E-403F-AB3F-C8AFB6758BD0}
	EndGlobalSection
EndGlobal
