
Microsoft Visual Studio Solution File, Format Version 12.00
# Visual Studio Version 16
VisualStudioVersion = 16.0.31702.278
MinimumVisualStudioVersion = 10.0.40219.1
Project("{FAE04EC0-301F-11D3-BF4B-00C04F79EFBC}") = "CommandBinding", "CommandBinding.csproj", "{2B82A635-B184-4F6B-B7AF-E856C6B7D700}"
EndProject
Global
	GlobalSection(SolutionConfigurationPlatforms) = preSolution
		Debug|Any CPU = Debug|Any CPU
		Release|Any CPU = Release|Any CPU
	EndGlobalSection
	GlobalSection(ProjectConfigurationPlatforms) = postSolution
		{2B82A635-B184-4F6B-B7AF-E856C6B7D700}.Debug|Any CPU.ActiveCfg = Debug|Any CPU
		{2B82A635-B184-4F6B-B7AF-E856C6B7D700}.Debug|Any CPU.Build.0 = Debug|Any CPU
		{2B82A635-B184-4F6B-B7AF-E856C6B7D700}.Release|Any CPU.ActiveCfg = Release|Any CPU
		{2B82A635-B184-4F6B-B7AF-E856C6B7D700}.Release|Any CPU.Build.0 = Release|Any CPU
	EndGlobalSection
	GlobalSection(SolutionProperties) = preSolution
		HideSolutionNode = FALSE
	EndGlobalSection
	GlobalSection(ExtensibilityGlobals) = postSolution
		SolutionGuid = {2CBB6713-ABA7-4B9E-A8F9-CEEC01889BD8}
	EndGlobalSection
EndGlobal
